// !$*UTF8*$!
{
	archiveVersion = 1;
	classes = {
	};
	objectVersion = 46;
	objects = {

/* Begin PBXBuildFile section */
		454A9CAA13E74BE800018E9C /* main.c in Sources */ = {isa = PBXBuildFile; fileRef = 454A9CA913E74BE800018E9C /* main.c */; };
		454A9CAC13E74BE800018E9C /* hashtable.1 in CopyFiles */ = {isa = PBXBuildFile; fileRef = 454A9CAB13E74BE800018E9C /* hashtable.1 */; };
		454A9CB413E74D0000018E9C /* hashtable.c in Sources */ = {isa = PBXBuildFile; fileRef = 454A9CB313E74D0000018E9C /* hashtable.c */; };
		454A9CB713E760E600018E9C /* hashtable_iterator.c in Sources */ = {isa = PBXBuildFile; fileRef = 454A9CB613E760E600018E9C /* hashtable_iterator.c */; };
/* End PBXBuildFile section */

/* Begin PBXCopyFilesBuildPhase section */
		454A9CA313E74BE700018E9C /* CopyFiles */ = {
			isa = PBXCopyFilesBuildPhase;
			buildActionMask = 2147483647;
			dstPath = /usr/share/man/man1/;
			dstSubfolderSpec = 0;
			files = (
				454A9CAC13E74BE800018E9C /* hashtable.1 in CopyFiles */,
			);
			runOnlyForDeploymentPostprocessing = 1;
		};
/* End PBXCopyFilesBuildPhase section */

/* Begin PBXFileReference section */
		454A9CA513E74BE700018E9C /* hashtable */ = {isa = PBXFileReference; explicitFileType = "compiled.mach-o.executable"; includeInIndex = 0; path = hashtable; sourceTree = BUILT_PRODUCTS_DIR; };
		454A9CA913E74BE800018E9C /* main.c */ = {isa = PBXFileReference; lastKnownFileType = sourcecode.c.c; path = main.c; sourceTree = "<group>"; };
		454A9CAB13E74BE800018E9C /* hashtable.1 */ = {isa = PBXFileReference; lastKnownFileType = text.man; path = hashtable.1; sourceTree = "<group>"; };
		454A9CB213E74CE800018E9C /* hashtable.h */ = {isa = PBXFileReference; fileEncoding = 4; lastKnownFileType = sourcecode.c.h; path = hashtable.h; sourceTree = "<group>"; };
		454A9CB313E74D0000018E9C /* hashtable.c */ = {isa = PBXFileReference; fileEncoding = 4; lastKnownFileType = sourcecode.c.c; path = hashtable.c; sourceTree = "<group>"; };
		454A9CB513E760C100018E9C /* hashtable_iterator.h */ = {isa = PBXFileReference; fileEncoding = 4; lastKnownFileType = sourcecode.c.h; path = hashtable_iterator.h; sourceTree = "<group>"; };
		454A9CB613E760E600018E9C /* hashtable_iterator.c */ = {isa = PBXFileReference; fileEncoding = 4; lastKnownFileType = sourcecode.c.c; path = hashtable_iterator.c; sourceTree = "<group>"; };
/* End PBXFileReference section */

/* Begin PBXFrameworksBuildPhase section */
		454A9CA213E74BE700018E9C /* Frameworks */ = {
			isa = PBXFrameworksBuildPhase;
			buildActionMask = 2147483647;
			files = (
			);
			runOnlyForDeploymentPostprocessing = 0;
		};
/* End PBXFrameworksBuildPhase section */

/* Begin PBXGroup section */
		454A9C9A13E74BE700018E9C = {
			isa = PBXGroup;
			children = (
				454A9CA813E74BE700018E9C /* hashtable */,
				454A9CA613E74BE700018E9C /* Products */,
			);
			sourceTree = "<group>";
		};
		454A9CA613E74BE700018E9C /* Products */ = {
			isa = PBXGroup;
			children = (
				454A9CA513E74BE700018E9C /* hashtable */,
			);
			name = Products;
			sourceTree = "<group>";
		};
		454A9CA813E74BE700018E9C /* hashtable */ = {
			isa = PBXGroup;
			children = (
				454A9CA913E74BE800018E9C /* main.c */,
				454A9CAB13E74BE800018E9C /* hashtable.1 */,
				454A9CB213E74CE800018E9C /* hashtable.h */,
				454A9CB313E74D0000018E9C /* hashtable.c */,
				454A9CB513E760C100018E9C /* hashtable_iterator.h */,
				454A9CB613E760E600018E9C /* hashtable_iterator.c */,
			);
			path = hashtable;
			sourceTree = "<group>";
		};
/* End PBXGroup section */

/* Begin PBXNativeTarget section */
		454A9CA413E74BE700018E9C /* hashtable */ = {
			isa = PBXNativeTarget;
			buildConfigurationList = 454A9CAF13E74BE800018E9C /* Build configuration list for PBXNativeTarget "hashtable" */;
			buildPhases = (
				454A9CA113E74BE700018E9C /* Sources */,
				454A9CA213E74BE700018E9C /* Frameworks */,
				454A9CA313E74BE700018E9C /* CopyFiles */,
			);
			buildRules = (
			);
			dependencies = (
			);
			name = hashtable;
			productName = hashtable;
			productReference = 454A9CA513E74BE700018E9C /* hashtable */;
			productType = "com.apple.product-type.tool";
		};
/* End PBXNativeTarget section */

/* Begin PBXProject section */
		454A9C9C13E74BE700018E9C /* Project object */ = {
			isa = PBXProject;
			attributes = {
				LastUpgradeCheck = 0420;
				ORGANIZATIONNAME = "Guanshan Liu";
			};
			buildConfigurationList = 454A9C9F13E74BE700018E9C /* Build configuration list for PBXProject "hashtable" */;
			compatibilityVersion = "Xcode 3.2";
			developmentRegion = English;
			hasScannedForEncodings = 0;
			knownRegions = (
				en,
			);
			mainGroup = 454A9C9A13E74BE700018E9C;
			productRefGroup = 454A9CA613E74BE700018E9C /* Products */;
			projectDirPath = "";
			projectRoot = "";
			targets = (
				454A9CA413E74BE700018E9C /* hashtable */,
			);
		};
/* End PBXProject section */

/* Begin PBXSourcesBuildPhase section */
		454A9CA113E74BE700018E9C /* Sources */ = {
			isa = PBXSourcesBuildPhase;
			buildActionMask = 2147483647;
			files = (
				454A9CAA13E74BE800018E9C /* main.c in Sources */,
				454A9CB413E74D0000018E9C /* hashtable.c in Sources */,
				454A9CB713E760E600018E9C /* hashtable_iterator.c in Sources */,
			);
			runOnlyForDeploymentPostprocessing = 0;
		};
/* End PBXSourcesBuildPhase section */

/* Begin XCBuildConfiguration section */
		454A9CAD13E74BE800018E9C /* Debug */ = {
			isa = XCBuildConfiguration;
			buildSettings = {
				ALWAYS_SEARCH_USER_PATHS = NO;
				ARCHS = "$(ARCHS_STANDARD_64_BIT)";
				CLANG_ENABLE_OBJC_ARC = YES;
				COPY_PHASE_STRIP = NO;
				GCC_C_LANGUAGE_STANDARD = gnu99;
				GCC_DYNAMIC_NO_PIC = NO;
				GCC_ENABLE_OBJC_EXCEPTIONS = YES;
				GCC_OPTIMIZATION_LEVEL = 0;
				GCC_PREPROCESSOR_DEFINITIONS = (
					"DEBUG=1",
					"$(inherited)",
				);
				GCC_SYMBOLS_PRIVATE_EXTERN = NO;
				GCC_VERSION = com.apple.compilers.llvm.clang.1_0;
				GCC_WARN_64_TO_32_BIT_CONVERSION = YES;
				GCC_WARN_ABOUT_MISSING_PROTOTYPES = YES;
				GCC_WARN_ABOUT_RETURN_TYPE = YES;
				GCC_WARN_UNUSED_VARIABLE = YES;
				MACOSX_DEPLOYMENT_TARGET = 10.7;
				ONLY_ACTIVE_ARCH = YES;
				SDKROOT = macosx;
			};
			name = Debug;
		};
		454A9CAE13E74BE800018E9C /* Release */ = {
			isa = XCBuildConfiguration;
			buildSettings = {
				ALWAYS_SEARCH_USER_PATHS = NO;
				ARCHS = "$(ARCHS_STANDARD_64_BIT)";
				CLANG_ENABLE_OBJC_ARC = YES;
				COPY_PHASE_STRIP = YES;
				DEBUG_INFORMATION_FORMAT = "dwarf-with-dsym";
				GCC_C_LANGUAGE_STANDARD = gnu99;
				GCC_ENABLE_OBJC_EXCEPTIONS = YES;
				GCC_VERSION = com.apple.compilers.llvm.clang.1_0;
				GCC_WARN_64_TO_32_BIT_CONVERSION = YES;
				GCC_WARN_ABOUT_MISSING_PROTOTYPES = YES;
				GCC_WARN_ABOUT_RETURN_TYPE = YES;
				GCC_WARN_UNUSED_VARIABLE = YES;
				MACOSX_DEPLOYMENT_TARGET = 10.7;
				SDKROOT = macosx;
			};
			name = Release;
		};
		454A9CB013E74BE800018E9C /* Debug */ = {
			isa = XCBuildConfiguration;
			buildSettings = {
				PRODUCT_NAME = "$(TARGET_NAME)";
			};
			name = Debug;
		};
		454A9CB113E74BE800018E9C /* Release */ = {
			isa = XCBuildConfiguration;
			buildSettings = {
				PRODUCT_NAME = "$(TARGET_NAME)";
			};
			name = Release;
		};
/* End XCBuildConfiguration section */

/* Begin XCConfigurationList section */
		454A9C9F13E74BE700018E9C /* Build configuration list for PBXProject "hashtable" */ = {
			isa = XCConfigurationList;
			buildConfigurations = (
				454A9CAD13E74BE800018E9C /* Debug */,
				454A9CAE13E74BE800018E9C /* Release */,
			);
			defaultConfigurationIsVisible = 0;
			defaultConfigurationName = Release;
		};
		454A9CAF13E74BE800018E9C /* Build configuration list for PBXNativeTarget "hashtable" */ = {
			isa = XCConfigurationList;
			buildConfigurations = (
				454A9CB013E74BE800018E9C /* Debug */,
				454A9CB113E74BE800018E9C /* Release */,
			);
			defaultConfigurationIsVisible = 0;
		};
/* End XCConfigurationList section */
	};
	rootObject = 454A9C9C13E74BE700018E9C /* Project object */;
}
