// !$*UTF8*$!
{
	archiveVersion = 1;
	classes = {
	};
	objectVersion = 46;
	objects = {

/* Begin PBXBuildFile section */
		454A9C5E13E7228300018E9C /* main.c in Sources */ = {isa = PBXBuildFile; fileRef = 454A9C5D13E7228300018E9C /* main.c */; };
		454A9C6013E7228300018E9C /* knapsack.1 in CopyFiles */ = {isa = PBXBuildFile; fileRef = 454A9C5F13E7228300018E9C /* knapsack.1 */; };
/* End PBXBuildFile section */

/* Begin PBXCopyFilesBuildPhase section */
		454A9C5713E7228300018E9C /* CopyFiles */ = {
			isa = PBXCopyFilesBuildPhase;
			buildActionMask = 2147483647;
			dstPath = /usr/share/man/man1/;
			dstSubfolderSpec = 0;
			files = (
				454A9C6013E7228300018E9C /* knapsack.1 in CopyFiles */,
			);
			runOnlyForDeploymentPostprocessing = 1;
		};
/* End PBXCopyFilesBuildPhase section */

/* Begin PBXFileReference section */
		454A9C5913E7228300018E9C /* knapsack */ = {isa = PBXFileReference; explicitFileType = "compiled.mach-o.executable"; includeInIndex = 0; path = knapsack; sourceTree = BUILT_PRODUCTS_DIR; };
		454A9C5D13E7228300018E9C /* main.c */ = {isa = PBXFileReference; lastKnownFileType = sourcecode.c.c; path = main.c; sourceTree = "<group>"; };
		454A9C5F13E7228300018E9C /* knapsack.1 */ = {isa = PBXFileReference; lastKnownFileType = text.man; path = knapsack.1; sourceTree = "<group>"; };
/* End PBXFileReference section */

/* Begin PBXFrameworksBuildPhase section */
		454A9C5613E7228300018E9C /* Frameworks */ = {
			isa = PBXFrameworksBuildPhase;
			buildActionMask = 2147483647;
			files = (
			);
			runOnlyForDeploymentPostprocessing = 0;
		};
/* End PBXFrameworksBuildPhase section */

/* Begin PBXGroup section */
		454A9C4E13E7228200018E9C = {
			isa = PBXGroup;
			children = (
				454A9C5C13E7228300018E9C /* knapsack */,
				454A9C5A13E7228300018E9C /* Products */,
			);
			sourceTree = "<group>";
		};
		454A9C5A13E7228300018E9C /* Products */ = {
			isa = PBXGroup;
			children = (
				454A9C5913E7228300018E9C /* knapsack */,
			);
			name = Products;
			sourceTree = "<group>";
		};
		454A9C5C13E7228300018E9C /* knapsack */ = {
			isa = PBXGroup;
			children = (
				454A9C5D13E7228300018E9C /* main.c */,
				454A9C5F13E7228300018E9C /* knapsack.1 */,
			);
			path = knapsack;
			sourceTree = "<group>";
		};
/* End PBXGroup section */

/* Begin PBXNativeTarget section */
		454A9C5813E7228300018E9C /* knapsack */ = {
			isa = PBXNativeTarget;
			buildConfigurationList = 454A9C6313E7228300018E9C /* Build configuration list for PBXNativeTarget "knapsack" */;
			buildPhases = (
				454A9C5513E7228300018E9C /* Sources */,
				454A9C5613E7228300018E9C /* Frameworks */,
				454A9C5713E7228300018E9C /* CopyFiles */,
			);
			buildRules = (
			);
			dependencies = (
			);
			name = knapsack;
			productName = knapsack;
			productReference = 454A9C5913E7228300018E9C /* knapsack */;
			productType = "com.apple.product-type.tool";
		};
/* End PBXNativeTarget section */

/* Begin PBXProject section */
		454A9C5013E7228300018E9C /* Project object */ = {
			isa = PBXProject;
			attributes = {
				LastUpgradeCheck = 0420;
				ORGANIZATIONNAME = "Guanshan Liu";
			};
			buildConfigurationList = 454A9C5313E7228300018E9C /* Build configuration list for PBXProject "knapsack" */;
			compatibilityVersion = "Xcode 3.2";
			developmentRegion = English;
			hasScannedForEncodings = 0;
			knownRegions = (
				en,
			);
			mainGroup = 454A9C4E13E7228200018E9C;
			productRefGroup = 454A9C5A13E7228300018E9C /* Products */;
			projectDirPath = "";
			projectRoot = "";
			targets = (
				454A9C5813E7228300018E9C /* knapsack */,
			);
		};
/* End PBXProject section */

/* Begin PBXSourcesBuildPhase section */
		454A9C5513E7228300018E9C /* Sources */ = {
			isa = PBXSourcesBuildPhase;
			buildActionMask = 2147483647;
			files = (
				454A9C5E13E7228300018E9C /* main.c in Sources */,
			);
			runOnlyForDeploymentPostprocessing = 0;
		};
/* End PBXSourcesBuildPhase section */

/* Begin XCBuildConfiguration section */
		454A9C6113E7228300018E9C /* Debug */ = {
			isa = XCBuildConfiguration;
			buildSettings = {
				ALWAYS_SEARCH_USER_PATHS = NO;
				ARCHS = "$(ARCHS_STANDARD_64_BIT)";
				CLANG_ENABLE_OBJC_ARC = YES;
				COPY_PHASE_STRIP = NO;
				GCC_C_LANGUAGE_STANDARD = gnu99;
				GCC_DYNAMIC_NO_PIC = NO;
				GCC_ENABLE_OBJC_EXCEPTIONS = YES;
				GCC_OPTIMIZATION_LEVEL = 0;
				GCC_PREPROCESSOR_DEFINITIONS = (
					"DEBUG=1",
					"$(inherited)",
				);
				GCC_SYMBOLS_PRIVATE_EXTERN = NO;
				GCC_VERSION = com.apple.compilers.llvm.clang.1_0;
				GCC_WARN_64_TO_32_BIT_CONVERSION = YES;
				GCC_WARN_ABOUT_MISSING_PROTOTYPES = YES;
				GCC_WARN_ABOUT_RETURN_TYPE = YES;
				GCC_WARN_UNUSED_VARIABLE = YES;
				MACOSX_DEPLOYMENT_TARGET = 10.7;
				ONLY_ACTIVE_ARCH = YES;
				SDKROOT = macosx;
			};
			name = Debug;
		};
		454A9C6213E7228300018E9C /* Release */ = {
			isa = XCBuildConfiguration;
			buildSettings = {
				ALWAYS_SEARCH_USER_PATHS = NO;
				ARCHS = "$(ARCHS_STANDARD_64_BIT)";
				CLANG_ENABLE_OBJC_ARC = YES;
				COPY_PHASE_STRIP = YES;
				DEBUG_INFORMATION_FORMAT = "dwarf-with-dsym";
				GCC_C_LANGUAGE_STANDARD = gnu99;
				GCC_ENABLE_OBJC_EXCEPTIONS = YES;
				GCC_VERSION = com.apple.compilers.llvm.clang.1_0;
				GCC_WARN_64_TO_32_BIT_CONVERSION = YES;
				GCC_WARN_ABOUT_MISSING_PROTOTYPES = YES;
				GCC_WARN_ABOUT_RETURN_TYPE = YES;
				GCC_WARN_UNUSED_VARIABLE = YES;
				MACOSX_DEPLOYMENT_TARGET = 10.7;
				SDKROOT = macosx;
			};
			name = Release;
		};
		454A9C6413E7228300018E9C /* Debug */ = {
			isa = XCBuildConfiguration;
			buildSettings = {
				PRODUCT_NAME = "$(TARGET_NAME)";
			};
			name = Debug;
		};
		454A9C6513E7228300018E9C /* Release */ = {
			isa = XCBuildConfiguration;
			buildSettings = {
				PRODUCT_NAME = "$(TARGET_NAME)";
			};
			name = Release;
		};
/* End XCBuildConfiguration section */

/* Begin XCConfigurationList section */
		454A9C5313E7228300018E9C /* Build configuration list for PBXProject "knapsack" */ = {
			isa = XCConfigurationList;
			buildConfigurations = (
				454A9C6113E7228300018E9C /* Debug */,
				454A9C6213E7228300018E9C /* Release */,
			);
			defaultConfigurationIsVisible = 0;
			defaultConfigurationName = Release;
		};
		454A9C6313E7228300018E9C /* Build configuration list for PBXNativeTarget "knapsack" */ = {
			isa = XCConfigurationList;
			buildConfigurations = (
				454A9C6413E7228300018E9C /* Debug */,
				454A9C6513E7228300018E9C /* Release */,
			);
			defaultConfigurationIsVisible = 0;
		};
/* End XCConfigurationList section */
	};
	rootObject = 454A9C5013E7228300018E9C /* Project object */;
}
