// !$*UTF8*$!
{
	archiveVersion = 1;
	classes = {
	};
	objectVersion = 46;
	objects = {

/* Begin PBXBuildFile section */
		4504417113E77C8E0073FB0F /* main.c in Sources */ = {isa = PBXBuildFile; fileRef = 4504417013E77C8E0073FB0F /* main.c */; };
		4504417313E77C8E0073FB0F /* dijkstra.1 in CopyFiles */ = {isa = PBXBuildFile; fileRef = 4504417213E77C8E0073FB0F /* dijkstra.1 */; };
/* End PBXBuildFile section */

/* Begin PBXCopyFilesBuildPhase section */
		4504416A13E77C8E0073FB0F /* CopyFiles */ = {
			isa = PBXCopyFilesBuildPhase;
			buildActionMask = 2147483647;
			dstPath = /usr/share/man/man1/;
			dstSubfolderSpec = 0;
			files = (
				4504417313E77C8E0073FB0F /* dijkstra.1 in CopyFiles */,
			);
			runOnlyForDeploymentPostprocessing = 1;
		};
/* End PBXCopyFilesBuildPhase section */

/* Begin PBXFileReference section */
		4504416C13E77C8E0073FB0F /* dijkstra */ = {isa = PBXFileReference; explicitFileType = "compiled.mach-o.executable"; includeInIndex = 0; path = dijkstra; sourceTree = BUILT_PRODUCTS_DIR; };
		4504417013E77C8E0073FB0F /* main.c */ = {isa = PBXFileReference; lastKnownFileType = sourcecode.c.c; path = main.c; sourceTree = "<group>"; };
		4504417213E77C8E0073FB0F /* dijkstra.1 */ = {isa = PBXFileReference; lastKnownFileType = text.man; path = dijkstra.1; sourceTree = "<group>"; };
/* End PBXFileReference section */

/* Begin PBXFrameworksBuildPhase section */
		4504416913E77C8E0073FB0F /* Frameworks */ = {
			isa = PBXFrameworksBuildPhase;
			buildActionMask = 2147483647;
			files = (
			);
			runOnlyForDeploymentPostprocessing = 0;
		};
/* End PBXFrameworksBuildPhase section */

/* Begin PBXGroup section */
		4504416113E77C8D0073FB0F = {
			isa = PBXGroup;
			children = (
				4504416F13E77C8E0073FB0F /* dijkstra */,
				4504416D13E77C8E0073FB0F /* Products */,
			);
			sourceTree = "<group>";
		};
		4504416D13E77C8E0073FB0F /* Products */ = {
			isa = PBXGroup;
			children = (
				4504416C13E77C8E0073FB0F /* dijkstra */,
			);
			name = Products;
			sourceTree = "<group>";
		};
		4504416F13E77C8E0073FB0F /* dijkstra */ = {
			isa = PBXGroup;
			children = (
				4504417013E77C8E0073FB0F /* main.c */,
				4504417213E77C8E0073FB0F /* dijkstra.1 */,
			);
			path = dijkstra;
			sourceTree = "<group>";
		};
/* End PBXGroup section */

/* Begin PBXNativeTarget section */
		4504416B13E77C8E0073FB0F /* dijkstra */ = {
			isa = PBXNativeTarget;
			buildConfigurationList = 4504417613E77C8E0073FB0F /* Build configuration list for PBXNativeTarget "dijkstra" */;
			buildPhases = (
				4504416813E77C8E0073FB0F /* Sources */,
				4504416913E77C8E0073FB0F /* Frameworks */,
				4504416A13E77C8E0073FB0F /* CopyFiles */,
			);
			buildRules = (
			);
			dependencies = (
			);
			name = dijkstra;
			productName = dijkstra;
			productReference = 4504416C13E77C8E0073FB0F /* dijkstra */;
			productType = "com.apple.product-type.tool";
		};
/* End PBXNativeTarget section */

/* Begin PBXProject section */
		4504416313E77C8D0073FB0F /* Project object */ = {
			isa = PBXProject;
			attributes = {
				LastUpgradeCheck = 0420;
				ORGANIZATIONNAME = "Guanshan Liu";
			};
			buildConfigurationList = 4504416613E77C8D0073FB0F /* Build configuration list for PBXProject "dijkstra" */;
			compatibilityVersion = "Xcode 3.2";
			developmentRegion = English;
			hasScannedForEncodings = 0;
			knownRegions = (
				en,
			);
			mainGroup = 4504416113E77C8D0073FB0F;
			productRefGroup = 4504416D13E77C8E0073FB0F /* Products */;
			projectDirPath = "";
			projectRoot = "";
			targets = (
				4504416B13E77C8E0073FB0F /* dijkstra */,
			);
		};
/* End PBXProject section */

/* Begin PBXSourcesBuildPhase section */
		4504416813E77C8E0073FB0F /* Sources */ = {
			isa = PBXSourcesBuildPhase;
			buildActionMask = 2147483647;
			files = (
				4504417113E77C8E0073FB0F /* main.c in Sources */,
			);
			runOnlyForDeploymentPostprocessing = 0;
		};
/* End PBXSourcesBuildPhase section */

/* Begin XCBuildConfiguration section */
		4504417413E77C8E0073FB0F /* Debug */ = {
			isa = XCBuildConfiguration;
			buildSettings = {
				ALWAYS_SEARCH_USER_PATHS = NO;
				ARCHS = "$(ARCHS_STANDARD_64_BIT)";
				CLANG_ENABLE_OBJC_ARC = YES;
				COPY_PHASE_STRIP = NO;
				GCC_C_LANGUAGE_STANDARD = gnu99;
				GCC_DYNAMIC_NO_PIC = NO;
				GCC_ENABLE_OBJC_EXCEPTIONS = YES;
				GCC_OPTIMIZATION_LEVEL = 0;
				GCC_PREPROCESSOR_DEFINITIONS = (
					"DEBUG=1",
					"$(inherited)",
				);
				GCC_SYMBOLS_PRIVATE_EXTERN = NO;
				GCC_VERSION = com.apple.compilers.llvm.clang.1_0;
				GCC_WARN_64_TO_32_BIT_CONVERSION = YES;
				GCC_WARN_ABOUT_MISSING_PROTOTYPES = YES;
				GCC_WARN_ABOUT_RETURN_TYPE = YES;
				GCC_WARN_UNUSED_VARIABLE = YES;
				MACOSX_DEPLOYMENT_TARGET = 10.7;
				ONLY_ACTIVE_ARCH = YES;
				SDKROOT = macosx;
			};
			name = Debug;
		};
		4504417513E77C8E0073FB0F /* Release */ = {
			isa = XCBuildConfiguration;
			buildSettings = {
				ALWAYS_SEARCH_USER_PATHS = NO;
				ARCHS = "$(ARCHS_STANDARD_64_BIT)";
				CLANG_ENABLE_OBJC_ARC = YES;
				COPY_PHASE_STRIP = YES;
				DEBUG_INFORMATION_FORMAT = "dwarf-with-dsym";
				GCC_C_LANGUAGE_STANDARD = gnu99;
				GCC_ENABLE_OBJC_EXCEPTIONS = YES;
				GCC_VERSION = com.apple.compilers.llvm.clang.1_0;
				GCC_WARN_64_TO_32_BIT_CONVERSION = YES;
				GCC_WARN_ABOUT_MISSING_PROTOTYPES = YES;
				GCC_WARN_ABOUT_RETURN_TYPE = YES;
				GCC_WARN_UNUSED_VARIABLE = YES;
				MACOSX_DEPLOYMENT_TARGET = 10.7;
				SDKROOT = macosx;
			};
			name = Release;
		};
		4504417713E77C8E0073FB0F /* Debug */ = {
			isa = XCBuildConfiguration;
			buildSettings = {
				PRODUCT_NAME = "$(TARGET_NAME)";
			};
			name = Debug;
		};
		4504417813E77C8E0073FB0F /* Release */ = {
			isa = XCBuildConfiguration;
			buildSettings = {
				PRODUCT_NAME = "$(TARGET_NAME)";
			};
			name = Release;
		};
/* End XCBuildConfiguration section */

/* Begin XCConfigurationList section */
		4504416613E77C8D0073FB0F /* Build configuration list for PBXProject "dijkstra" */ = {
			isa = XCConfigurationList;
			buildConfigurations = (
				4504417413E77C8E0073FB0F /* Debug */,
				4504417513E77C8E0073FB0F /* Release */,
			);
			defaultConfigurationIsVisible = 0;
			defaultConfigurationName = Release;
		};
		4504417613E77C8E0073FB0F /* Build configuration list for PBXNativeTarget "dijkstra" */ = {
			isa = XCConfigurationList;
			buildConfigurations = (
				4504417713E77C8E0073FB0F /* Debug */,
				4504417813E77C8E0073FB0F /* Release */,
			);
			defaultConfigurationIsVisible = 0;
		};
/* End XCConfigurationList section */
	};
	rootObject = 4504416313E77C8D0073FB0F /* Project object */;
}
